
Microsoft Visual Studio Solution File, Format Version 12.00
# Visual Studio 15
VisualStudioVersion = 15.0.26124.0
MinimumVisualStudioVersion = 15.0.26124.0
Project("{9A19103F-16F7-4668-BE54-9A1E7A4F7556}") = "Akka.Persistence.EventStore", "src\Akka.Persistence.EventStore\Akka.Persistence.EventStore.csproj", "{9C409B34-A55B-492F-8BA0-2BD806E3BE8F}"
EndProject
Project("{9A19103F-16F7-4668-BE54-9A1E7A4F7556}") = "Akka.Persistence.EventStore.Query", "src\Akka.Persistence.EventStore.Query\Akka.Persistence.EventStore.Query.csproj", "{4714CEA8-50E7-425E-A899-A97FC0730C74}"
EndProject
Project("{9A19103F-16F7-4668-BE54-9A1E7A4F7556}") = "Akka.Persistence.EventStore.Tests", "src\Akka.Persistence.EventStore.Tests\Akka.Persistence.EventStore.Tests.csproj", "{D6605D9E-9866-429C-AD8F-EEDC8104DEEB}"
EndProject
Project("{2150E333-8FDC-42A3-9474-1A3956D46DE8}") = "Solution Files", "Solution Files", "{F4AC94E7-D5F3-4B85-9810-A8BF02441883}"
	ProjectSection(SolutionItems) = preProject
		Directory.Build.props = Directory.Build.props
		Directory.Packages.props = Directory.Packages.props
		global.json = global.json
		nuget.config = nuget.config
		build.ps1 = build.ps1
		README.md = README.md
		RELEASE_NOTES.md = RELEASE_NOTES.md
	EndProjectSection
EndProject
Project("{2150E333-8FDC-42A3-9474-1A3956D46DE8}") = "scripts", "scripts", "{96349315-C6BE-4888-B81A-9A46EF7CE685}"
	ProjectSection(SolutionItems) = preProject
		scripts\bumpVersion.ps1 = scripts\bumpVersion.ps1
		scripts\getReleaseNotes.ps1 = scripts\getReleaseNotes.ps1
	EndProjectSection
EndProject
Project("{2150E333-8FDC-42A3-9474-1A3956D46DE8}") = ".github", ".github", "{DF2C9C02-9F0D-4FC8-8F72-234FD68FC918}"
	ProjectSection(SolutionItems) = preProject
		.github\dependabot.yaml = .github\dependabot.yaml
	EndProjectSection
EndProject
Project("{2150E333-8FDC-42A3-9474-1A3956D46DE8}") = "workflows", "workflows", "{6017AE31-4718-413B-983E-EAF9D4B465C9}"
	ProjectSection(SolutionItems) = preProject
		.github\workflows\pr_validation.yaml = .github\workflows\pr_validation.yaml
		.github\workflows\publish_nuget.yml = .github\workflows\publish_nuget.yml
	EndProjectSection
EndProject
Global
	GlobalSection(SolutionConfigurationPlatforms) = preSolution
		Debug|Any CPU = Debug|Any CPU
		Debug|x64 = Debug|x64
		Debug|x86 = Debug|x86
		Release|Any CPU = Release|Any CPU
		Release|x64 = Release|x64
		Release|x86 = Release|x86
	EndGlobalSection
	GlobalSection(ProjectConfigurationPlatforms) = postSolution
		{9C409B34-A55B-492F-8BA0-2BD806E3BE8F}.Debug|Any CPU.ActiveCfg = Debug|Any CPU
		{9C409B34-A55B-492F-8BA0-2BD806E3BE8F}.Debug|Any CPU.Build.0 = Debug|Any CPU
		{9C409B34-A55B-492F-8BA0-2BD806E3BE8F}.Debug|x64.ActiveCfg = Debug|Any CPU
		{9C409B34-A55B-492F-8BA0-2BD806E3BE8F}.Debug|x64.Build.0 = Debug|Any CPU
		{9C409B34-A55B-492F-8BA0-2BD806E3BE8F}.Debug|x86.ActiveCfg = Debug|Any CPU
		{9C409B34-A55B-492F-8BA0-2BD806E3BE8F}.Debug|x86.Build.0 = Debug|Any CPU
		{9C409B34-A55B-492F-8BA0-2BD806E3BE8F}.Release|Any CPU.ActiveCfg = Release|Any CPU
		{9C409B34-A55B-492F-8BA0-2BD806E3BE8F}.Release|Any CPU.Build.0 = Release|Any CPU
		{9C409B34-A55B-492F-8BA0-2BD806E3BE8F}.Release|x64.ActiveCfg = Release|Any CPU
		{9C409B34-A55B-492F-8BA0-2BD806E3BE8F}.Release|x64.Build.0 = Release|Any CPU
		{9C409B34-A55B-492F-8BA0-2BD806E3BE8F}.Release|x86.ActiveCfg = Release|Any CPU
		{9C409B34-A55B-492F-8BA0-2BD806E3BE8F}.Release|x86.Build.0 = Release|Any CPU
		{4714CEA8-50E7-425E-A899-A97FC0730C74}.Debug|Any CPU.ActiveCfg = Debug|Any CPU
		{4714CEA8-50E7-425E-A899-A97FC0730C74}.Debug|Any CPU.Build.0 = Debug|Any CPU
		{4714CEA8-50E7-425E-A899-A97FC0730C74}.Debug|x64.ActiveCfg = Debug|Any CPU
		{4714CEA8-50E7-425E-A899-A97FC0730C74}.Debug|x64.Build.0 = Debug|Any CPU
		{4714CEA8-50E7-425E-A899-A97FC0730C74}.Debug|x86.ActiveCfg = Debug|Any CPU
		{4714CEA8-50E7-425E-A899-A97FC0730C74}.Debug|x86.Build.0 = Debug|Any CPU
		{4714CEA8-50E7-425E-A899-A97FC0730C74}.Release|Any CPU.ActiveCfg = Release|Any CPU
		{4714CEA8-50E7-425E-A899-A97FC0730C74}.Release|Any CPU.Build.0 = Release|Any CPU
		{4714CEA8-50E7-425E-A899-A97FC0730C74}.Release|x64.ActiveCfg = Release|Any CPU
		{4714CEA8-50E7-425E-A899-A97FC0730C74}.Release|x64.Build.0 = Release|Any CPU
		{4714CEA8-50E7-425E-A899-A97FC0730C74}.Release|x86.ActiveCfg = Release|Any CPU
		{4714CEA8-50E7-425E-A899-A97FC0730C74}.Release|x86.Build.0 = Release|Any CPU
		{D6605D9E-9866-429C-AD8F-EEDC8104DEEB}.Debug|Any CPU.ActiveCfg = Debug|Any CPU
		{D6605D9E-9866-429C-AD8F-EEDC8104DEEB}.Debug|Any CPU.Build.0 = Debug|Any CPU
		{D6605D9E-9866-429C-AD8F-EEDC8104DEEB}.Debug|x64.ActiveCfg = Debug|Any CPU
		{D6605D9E-9866-429C-AD8F-EEDC8104DEEB}.Debug|x64.Build.0 = Debug|Any CPU
		{D6605D9E-9866-429C-AD8F-EEDC8104DEEB}.Debug|x86.ActiveCfg = Debug|Any CPU
		{D6605D9E-9866-429C-AD8F-EEDC8104DEEB}.Debug|x86.Build.0 = Debug|Any CPU
		{D6605D9E-9866-429C-AD8F-EEDC8104DEEB}.Release|Any CPU.ActiveCfg = Release|Any CPU
		{D6605D9E-9866-429C-AD8F-EEDC8104DEEB}.Release|Any CPU.Build.0 = Release|Any CPU
		{D6605D9E-9866-429C-AD8F-EEDC8104DEEB}.Release|x64.ActiveCfg = Release|Any CPU
		{D6605D9E-9866-429C-AD8F-EEDC8104DEEB}.Release|x64.Build.0 = Release|Any CPU
		{D6605D9E-9866-429C-AD8F-EEDC8104DEEB}.Release|x86.ActiveCfg = Release|Any CPU
		{D6605D9E-9866-429C-AD8F-EEDC8104DEEB}.Release|x86.Build.0 = Release|Any CPU
	EndGlobalSection
	GlobalSection(SolutionProperties) = preSolution
		HideSolutionNode = FALSE
	EndGlobalSection
	GlobalSection(ExtensibilityGlobals) = postSolution
		SolutionGuid = {A606AD52-05AA-47CF-B84B-2CD1F880A183}
	EndGlobalSection
	GlobalSection(NestedProjects) = preSolution
		{96349315-C6BE-4888-B81A-9A46EF7CE685} = {F4AC94E7-D5F3-4B85-9810-A8BF02441883}
		{DF2C9C02-9F0D-4FC8-8F72-234FD68FC918} = {F4AC94E7-D5F3-4B85-9810-A8BF02441883}
		{6017AE31-4718-413B-983E-EAF9D4B465C9} = {DF2C9C02-9F0D-4FC8-8F72-234FD68FC918}
	EndGlobalSection
EndGlobal
