
Microsoft Visual Studio Solution File, Format Version 12.00
# Visual Studio 15
VisualStudioVersion = 15.0.27130.2010
MinimumVisualStudioVersion = 10.0.40219.1
Project("{9A19103F-16F7-4668-BE54-9A1E7A4F7556}") = "Akka.Persistence.EventStore", "Akka.Persistence.EventStore\Akka.Persistence.EventStore.csproj", "{05C2B0DF-1285-4F86-9B2F-EDD667F61C07}"
EndProject
Project("{9A19103F-16F7-4668-BE54-9A1E7A4F7556}") = "Akka.Persistence.EventStore.Tests", "Akka.Persistence.EventStore.Tests\Akka.Persistence.EventStore.Tests.csproj", "{148F47D8-C3FA-4304-A97E-9D15E410F634}"
EndProject
Project("{FAE04EC0-301F-11D3-BF4B-00C04F79EFBC}") = "Akka.Persistence.Query.EventStore", "Akka.Persistence.Query.EventStore\Akka.Persistence.Query.EventStore.csproj", "{5E7E971F-7329-433C-B05B-9E58F9943C27}"
EndProject
Project("{FAE04EC0-301F-11D3-BF4B-00C04F79EFBC}") = "Akka.Persistence.EventStore.Common", "Akka.Persistence.EventStore.Common\Akka.Persistence.EventStore.Common.csproj", "{A6ABB41D-BC3E-4D00-B075-4E5093ED752F}"
EndProject
Project("{2150E333-8FDC-42A3-9474-1A3956D46DE8}") = "src", "src", "{EDBF7891-3026-4E7D-8957-AFCBF614D757}"
EndProject
Project("{2150E333-8FDC-42A3-9474-1A3956D46DE8}") = "test", "test", "{EB595937-7DC0-442B-81E3-8BE529FA3F75}"
EndProject
Global
	GlobalSection(SolutionConfigurationPlatforms) = preSolution
		Debug|Any CPU = Debug|Any CPU
		Release|Any CPU = Release|Any CPU
	EndGlobalSection
	GlobalSection(ProjectConfigurationPlatforms) = postSolution
		{05C2B0DF-1285-4F86-9B2F-EDD667F61C07}.Debug|Any CPU.ActiveCfg = Debug|Any CPU
		{05C2B0DF-1285-4F86-9B2F-EDD667F61C07}.Debug|Any CPU.Build.0 = Debug|Any CPU
		{05C2B0DF-1285-4F86-9B2F-EDD667F61C07}.Release|Any CPU.ActiveCfg = Release|Any CPU
		{05C2B0DF-1285-4F86-9B2F-EDD667F61C07}.Release|Any CPU.Build.0 = Release|Any CPU
		{148F47D8-C3FA-4304-A97E-9D15E410F634}.Debug|Any CPU.ActiveCfg = Debug|Any CPU
		{148F47D8-C3FA-4304-A97E-9D15E410F634}.Debug|Any CPU.Build.0 = Debug|Any CPU
		{148F47D8-C3FA-4304-A97E-9D15E410F634}.Release|Any CPU.ActiveCfg = Release|Any CPU
		{148F47D8-C3FA-4304-A97E-9D15E410F634}.Release|Any CPU.Build.0 = Release|Any CPU
		{5E7E971F-7329-433C-B05B-9E58F9943C27}.Debug|Any CPU.ActiveCfg = Debug|Any CPU
		{5E7E971F-7329-433C-B05B-9E58F9943C27}.Debug|Any CPU.Build.0 = Debug|Any CPU
		{5E7E971F-7329-433C-B05B-9E58F9943C27}.Release|Any CPU.ActiveCfg = Release|Any CPU
		{5E7E971F-7329-433C-B05B-9E58F9943C27}.Release|Any CPU.Build.0 = Release|Any CPU
		{A6ABB41D-BC3E-4D00-B075-4E5093ED752F}.Debug|Any CPU.ActiveCfg = Debug|Any CPU
		{A6ABB41D-BC3E-4D00-B075-4E5093ED752F}.Debug|Any CPU.Build.0 = Debug|Any CPU
		{A6ABB41D-BC3E-4D00-B075-4E5093ED752F}.Release|Any CPU.ActiveCfg = Release|Any CPU
		{A6ABB41D-BC3E-4D00-B075-4E5093ED752F}.Release|Any CPU.Build.0 = Release|Any CPU
	EndGlobalSection
	GlobalSection(SolutionProperties) = preSolution
		HideSolutionNode = FALSE
	EndGlobalSection
	GlobalSection(ExtensibilityGlobals) = postSolution
		SolutionGuid = {44ADCFEA-FC80-4A12-B603-476EEDDA7131}
	EndGlobalSection
	GlobalSection(NestedProjects) = preSolution
		{05C2B0DF-1285-4F86-9B2F-EDD667F61C07} = {EDBF7891-3026-4E7D-8957-AFCBF614D757}
		{A6ABB41D-BC3E-4D00-B075-4E5093ED752F} = {EDBF7891-3026-4E7D-8957-AFCBF614D757}
		{5E7E971F-7329-433C-B05B-9E58F9943C27} = {EDBF7891-3026-4E7D-8957-AFCBF614D757}
		{148F47D8-C3FA-4304-A97E-9D15E410F634} = {EB595937-7DC0-442B-81E3-8BE529FA3F75}
	EndGlobalSection
EndGlobal
